dependencies:
- name: service-account
  repository: https://charts.cloudnativetoolkit.dev
  version: 0.6.0
- name: service-account
  repository: https://charts.cloudnativetoolkit.dev
  version: 0.6.0
- name: sonarqube
  repository: https://SonarSource.github.io/helm-chart-sonarqube
  version: 2025.3.0
- name: ocp-route
  repository: https://charts.cloudnativetoolkit.dev
  version: 0.5.0
- name: tool-config
  repository: https://charts.cloudnativetoolkit.dev
  version: 0.11.2
- name: setup-job
  repository: https://charts.cloudnativetoolkit.dev
  version: 0.3.0
digest: sha256:79bf929da92ded6f574dc41889dd1503ddebacf84a38a922141e8afd2ad9c98a
generated: "2025-06-04T23:34:58.981132-05:00"
