dependencies:
- name: service-account
  repository: https://charts.cloudnativetoolkit.dev
  version: 0.6.0
- name: service-account
  repository: https://charts.cloudnativetoolkit.dev
  version: 0.6.0
- name: sonarqube
  repository: https://oteemo.github.io/charts
  version: 1.1.9+137
- name: ocp-route
  repository: https://charts.cloudnativetoolkit.dev
  version: 0.5.0
- name: tool-config
  repository: https://charts.cloudnativetoolkit.dev
  version: 0.11.2
- name: setup-job
  repository: https://charts.cloudnativetoolkit.dev
  version: 0.3.0
digest: sha256:0ff80160a59b9ba22e61ff7ce0fb5fbb55579fd56066add3e3e4b88f0f2a49dd
generated: "2021-11-20T12:46:49.961833-06:00"
